
Microsoft Visual Studio Solution File, Format Version 12.00
# Visual Studio Version 17
VisualStudioVersion = 17.1.32210.238
MinimumVisualStudioVersion = 10.0.40219.1
Project("{2150E333-8FDC-42A3-9474-1A3956D46DE8}") = "Solution Items", "Solution Items", "{5384D71C-9D9E-4E0C-A295-F03CBAFF417C}"
	ProjectSection(SolutionItems) = preProject
		.editorconfig = .editorconfig
		.gitignore = .gitignore
		Directory.Build.props = Directory.Build.props
		README.md = README.md
		stylecop.json = stylecop.json
	EndProjectSection
EndProject
Project("{9A19103F-16F7-4668-BE54-9A1E7A4F7556}") = "Husa.Extensions.Api", "Husa.Extensions.Api\Husa.Extensions.Api.csproj", "{0F836D5A-CC63-408C-A8FE-2514C52AECE5}"
EndProject
Project("{9A19103F-16F7-4668-BE54-9A1E7A4F7556}") = "Husa.Extensions.Linq", "Husa.Extensions.Linq\Husa.Extensions.Linq.csproj", "{C5411DBE-0221-4D1C-B6A1-549BED44FE8E}"
EndProject
Project("{9A19103F-16F7-4668-BE54-9A1E7A4F7556}") = "Husa.Extensions.Common", "Husa.Extensions.Common\Husa.Extensions.Common.csproj", "{25D600E3-2978-4627-AEB4-5922BFB19FA6}"
EndProject
Project("{9A19103F-16F7-4668-BE54-9A1E7A4F7556}") = "Husa.Extensions.Common.Tests", "Husa.Extensions.Common.Tests\Husa.Extensions.Common.Tests.csproj", "{FFAE5800-A15B-49B5-92AE-C5672EF9B830}"
EndProject
Project("{9A19103F-16F7-4668-BE54-9A1E7A4F7556}") = "Husa.Extensions.Api.Cors", "Husa.Extensions.Api.Cors\Husa.Extensions.Api.Cors.csproj", "{D02BAD72-FBA8-478F-A965-BE74FB43B422}"
EndProject
Project("{9A19103F-16F7-4668-BE54-9A1E7A4F7556}") = "Husa.Extensions.ServiceBus", "Husa.Extensions.ServiceBus\Husa.Extensions.ServiceBus.csproj", "{EA680664-6D98-4FDB-9D50-3CD648436CBD}"
EndProject
Project("{9A19103F-16F7-4668-BE54-9A1E7A4F7556}") = "Husa.Extensions.Authorization", "Husa.Extensions.Authorization\Husa.Extensions.Authorization.csproj", "{2E397807-3BC8-45B4-8329-713A63E2CFEB}"
EndProject
Project("{9A19103F-16F7-4668-BE54-9A1E7A4F7556}") = "Husa.Extensions.Cache", "Husa.Extensions.Cache\Husa.Extensions.Cache.csproj", "{CCC152B8-3680-4972-B468-F43B478C8606}"
EndProject
Project("{9A19103F-16F7-4668-BE54-9A1E7A4F7556}") = "Husa.Extensions.UserInfo", "Husa.Extensions.UserInfo\Husa.Extensions.UserInfo.csproj", "{E06CC61E-C0FC-47FD-96FA-DFFDA0D112DF}"
EndProject
Project("{9A19103F-16F7-4668-BE54-9A1E7A4F7556}") = "Husa.Extensions.Media", "Husa.Extensions.Media\Husa.Extensions.Media.csproj", "{970AAEDF-4509-44B9-8D10-44AEE713EEB9}"
EndProject
Project("{9A19103F-16F7-4668-BE54-9A1E7A4F7556}") = "Husa.Extensions.Downloader.RetsSdk", "Husa.Extensions.Downloader.RetsSdk\Husa.Extensions.Downloader.RetsSdk.csproj", "{C5FCC6C7-216F-4D01-8EF8-9FC8A90A8383}"
EndProject
Project("{9A19103F-16F7-4668-BE54-9A1E7A4F7556}") = "Husa.Extensions.EmailNotification", "Husa.Extensions.EmailNotification\Husa.Extensions.EmailNotification.csproj", "{897025CA-B4CC-4F88-B446-0C90B18A0873}"
EndProject
Project("{9A19103F-16F7-4668-BE54-9A1E7A4F7556}") = "Husa.Extensions.Api.Middleware", "Husa.Extensions.Api.Middleware\Husa.Extensions.Api.Middleware.csproj", "{6EC63994-1AE7-471F-8576-6E73AC12F7D8}"
EndProject
Project("{9A19103F-16F7-4668-BE54-9A1E7A4F7556}") = "Husa.Extensions.Logger.Enrichers", "Husa.Extensions.Logger.Enrichers\Husa.Extensions.Logger.Enrichers.csproj", "{4F94D211-B2DB-49A5-9440-B8AE377105DA}"
EndProject
Project("{9A19103F-16F7-4668-BE54-9A1E7A4F7556}") = "Husa.Extensions.Logger.Enrichers.Tests", "Husa.Extensions.Logger.Enrichers.Tests\Husa.Extensions.Logger.Enrichers.Tests.csproj", "{2D4E5CC8-DC25-4DB1-B837-07CD681B5A4A}"
EndProject
Project("{9A19103F-16F7-4668-BE54-9A1E7A4F7556}") = "Husa.Extensions.Downloader.Trestle", "Husa.Extensions.Downloader.Trestle\Husa.Extensions.Downloader.Trestle.csproj", "{BC02416D-B006-44E5-8839-AAF2FE035700}"
EndProject
Project("{9A19103F-16F7-4668-BE54-9A1E7A4F7556}") = "Husa.Extensions.Downloader.Trestle.Tests", "Husa.Extensions.Downloader.Trestle.Tests\Husa.Extensions.Downloader.Trestle.Tests.csproj", "{7B4721B9-A193-45E9-9D6C-854DDE8C2AF9}"
EndProject
Project("{9A19103F-16F7-4668-BE54-9A1E7A4F7556}") = "Husa.Extensions.Domain", "Husa.Extensions.Domain\Husa.Extensions.Domain.csproj", "{E4086DB6-61B3-4A07-AF78-DAC3FED008F5}"
EndProject
Project("{FAE04EC0-301F-11D3-BF4B-00C04F79EFBC}") = "Husa.Extensions.Quickbooks", "Husa.Extensions.Quickbooks\Husa.Extensions.Quickbooks.csproj", "{B085B8BB-BD81-4A91-BA18-D8BC2233B007}"
EndProject
Global
	GlobalSection(SolutionConfigurationPlatforms) = preSolution
		Debug|Any CPU = Debug|Any CPU
		Release|Any CPU = Release|Any CPU
	EndGlobalSection
	GlobalSection(ProjectConfigurationPlatforms) = postSolution
		{0F836D5A-CC63-408C-A8FE-2514C52AECE5}.Debug|Any CPU.ActiveCfg = Debug|Any CPU
		{0F836D5A-CC63-408C-A8FE-2514C52AECE5}.Debug|Any CPU.Build.0 = Debug|Any CPU
		{0F836D5A-CC63-408C-A8FE-2514C52AECE5}.Release|Any CPU.ActiveCfg = Release|Any CPU
		{0F836D5A-CC63-408C-A8FE-2514C52AECE5}.Release|Any CPU.Build.0 = Release|Any CPU
		{C5411DBE-0221-4D1C-B6A1-549BED44FE8E}.Debug|Any CPU.ActiveCfg = Debug|Any CPU
		{C5411DBE-0221-4D1C-B6A1-549BED44FE8E}.Debug|Any CPU.Build.0 = Debug|Any CPU
		{C5411DBE-0221-4D1C-B6A1-549BED44FE8E}.Release|Any CPU.ActiveCfg = Release|Any CPU
		{C5411DBE-0221-4D1C-B6A1-549BED44FE8E}.Release|Any CPU.Build.0 = Release|Any CPU
		{25D600E3-2978-4627-AEB4-5922BFB19FA6}.Debug|Any CPU.ActiveCfg = Debug|Any CPU
		{25D600E3-2978-4627-AEB4-5922BFB19FA6}.Debug|Any CPU.Build.0 = Debug|Any CPU
		{25D600E3-2978-4627-AEB4-5922BFB19FA6}.Release|Any CPU.ActiveCfg = Release|Any CPU
		{25D600E3-2978-4627-AEB4-5922BFB19FA6}.Release|Any CPU.Build.0 = Release|Any CPU
		{FFAE5800-A15B-49B5-92AE-C5672EF9B830}.Debug|Any CPU.ActiveCfg = Debug|Any CPU
		{FFAE5800-A15B-49B5-92AE-C5672EF9B830}.Debug|Any CPU.Build.0 = Debug|Any CPU
		{FFAE5800-A15B-49B5-92AE-C5672EF9B830}.Release|Any CPU.ActiveCfg = Release|Any CPU
		{FFAE5800-A15B-49B5-92AE-C5672EF9B830}.Release|Any CPU.Build.0 = Release|Any CPU
		{D02BAD72-FBA8-478F-A965-BE74FB43B422}.Debug|Any CPU.ActiveCfg = Debug|Any CPU
		{D02BAD72-FBA8-478F-A965-BE74FB43B422}.Debug|Any CPU.Build.0 = Debug|Any CPU
		{D02BAD72-FBA8-478F-A965-BE74FB43B422}.Release|Any CPU.ActiveCfg = Release|Any CPU
		{D02BAD72-FBA8-478F-A965-BE74FB43B422}.Release|Any CPU.Build.0 = Release|Any CPU
		{EA680664-6D98-4FDB-9D50-3CD648436CBD}.Debug|Any CPU.ActiveCfg = Debug|Any CPU
		{EA680664-6D98-4FDB-9D50-3CD648436CBD}.Debug|Any CPU.Build.0 = Debug|Any CPU
		{EA680664-6D98-4FDB-9D50-3CD648436CBD}.Release|Any CPU.ActiveCfg = Release|Any CPU
		{EA680664-6D98-4FDB-9D50-3CD648436CBD}.Release|Any CPU.Build.0 = Release|Any CPU
		{2E397807-3BC8-45B4-8329-713A63E2CFEB}.Debug|Any CPU.ActiveCfg = Debug|Any CPU
		{2E397807-3BC8-45B4-8329-713A63E2CFEB}.Debug|Any CPU.Build.0 = Debug|Any CPU
		{2E397807-3BC8-45B4-8329-713A63E2CFEB}.Release|Any CPU.ActiveCfg = Release|Any CPU
		{2E397807-3BC8-45B4-8329-713A63E2CFEB}.Release|Any CPU.Build.0 = Release|Any CPU
		{CCC152B8-3680-4972-B468-F43B478C8606}.Debug|Any CPU.ActiveCfg = Debug|Any CPU
		{CCC152B8-3680-4972-B468-F43B478C8606}.Debug|Any CPU.Build.0 = Debug|Any CPU
		{CCC152B8-3680-4972-B468-F43B478C8606}.Release|Any CPU.ActiveCfg = Release|Any CPU
		{CCC152B8-3680-4972-B468-F43B478C8606}.Release|Any CPU.Build.0 = Release|Any CPU
		{E06CC61E-C0FC-47FD-96FA-DFFDA0D112DF}.Debug|Any CPU.ActiveCfg = Debug|Any CPU
		{E06CC61E-C0FC-47FD-96FA-DFFDA0D112DF}.Debug|Any CPU.Build.0 = Debug|Any CPU
		{E06CC61E-C0FC-47FD-96FA-DFFDA0D112DF}.Release|Any CPU.ActiveCfg = Release|Any CPU
		{E06CC61E-C0FC-47FD-96FA-DFFDA0D112DF}.Release|Any CPU.Build.0 = Release|Any CPU
		{970AAEDF-4509-44B9-8D10-44AEE713EEB9}.Debug|Any CPU.ActiveCfg = Debug|Any CPU
		{970AAEDF-4509-44B9-8D10-44AEE713EEB9}.Debug|Any CPU.Build.0 = Debug|Any CPU
		{970AAEDF-4509-44B9-8D10-44AEE713EEB9}.Release|Any CPU.ActiveCfg = Release|Any CPU
		{970AAEDF-4509-44B9-8D10-44AEE713EEB9}.Release|Any CPU.Build.0 = Release|Any CPU
		{C5FCC6C7-216F-4D01-8EF8-9FC8A90A8383}.Debug|Any CPU.ActiveCfg = Debug|Any CPU
		{C5FCC6C7-216F-4D01-8EF8-9FC8A90A8383}.Debug|Any CPU.Build.0 = Debug|Any CPU
		{C5FCC6C7-216F-4D01-8EF8-9FC8A90A8383}.Release|Any CPU.ActiveCfg = Release|Any CPU
		{C5FCC6C7-216F-4D01-8EF8-9FC8A90A8383}.Release|Any CPU.Build.0 = Release|Any CPU
		{897025CA-B4CC-4F88-B446-0C90B18A0873}.Debug|Any CPU.ActiveCfg = Debug|Any CPU
		{897025CA-B4CC-4F88-B446-0C90B18A0873}.Debug|Any CPU.Build.0 = Debug|Any CPU
		{897025CA-B4CC-4F88-B446-0C90B18A0873}.Release|Any CPU.ActiveCfg = Release|Any CPU
		{897025CA-B4CC-4F88-B446-0C90B18A0873}.Release|Any CPU.Build.0 = Release|Any CPU
		{6EC63994-1AE7-471F-8576-6E73AC12F7D8}.Debug|Any CPU.ActiveCfg = Debug|Any CPU
		{6EC63994-1AE7-471F-8576-6E73AC12F7D8}.Debug|Any CPU.Build.0 = Debug|Any CPU
		{6EC63994-1AE7-471F-8576-6E73AC12F7D8}.Release|Any CPU.ActiveCfg = Release|Any CPU
		{6EC63994-1AE7-471F-8576-6E73AC12F7D8}.Release|Any CPU.Build.0 = Release|Any CPU
		{4F94D211-B2DB-49A5-9440-B8AE377105DA}.Debug|Any CPU.ActiveCfg = Debug|Any CPU
		{4F94D211-B2DB-49A5-9440-B8AE377105DA}.Debug|Any CPU.Build.0 = Debug|Any CPU
		{4F94D211-B2DB-49A5-9440-B8AE377105DA}.Release|Any CPU.ActiveCfg = Release|Any CPU
		{4F94D211-B2DB-49A5-9440-B8AE377105DA}.Release|Any CPU.Build.0 = Release|Any CPU
		{2D4E5CC8-DC25-4DB1-B837-07CD681B5A4A}.Debug|Any CPU.ActiveCfg = Debug|Any CPU
		{2D4E5CC8-DC25-4DB1-B837-07CD681B5A4A}.Debug|Any CPU.Build.0 = Debug|Any CPU
		{2D4E5CC8-DC25-4DB1-B837-07CD681B5A4A}.Release|Any CPU.ActiveCfg = Release|Any CPU
		{2D4E5CC8-DC25-4DB1-B837-07CD681B5A4A}.Release|Any CPU.Build.0 = Release|Any CPU
		{BC02416D-B006-44E5-8839-AAF2FE035700}.Debug|Any CPU.ActiveCfg = Debug|Any CPU
		{BC02416D-B006-44E5-8839-AAF2FE035700}.Debug|Any CPU.Build.0 = Debug|Any CPU
		{BC02416D-B006-44E5-8839-AAF2FE035700}.Release|Any CPU.ActiveCfg = Release|Any CPU
		{BC02416D-B006-44E5-8839-AAF2FE035700}.Release|Any CPU.Build.0 = Release|Any CPU
		{7B4721B9-A193-45E9-9D6C-854DDE8C2AF9}.Debug|Any CPU.ActiveCfg = Debug|Any CPU
		{7B4721B9-A193-45E9-9D6C-854DDE8C2AF9}.Debug|Any CPU.Build.0 = Debug|Any CPU
		{7B4721B9-A193-45E9-9D6C-854DDE8C2AF9}.Release|Any CPU.ActiveCfg = Release|Any CPU
		{7B4721B9-A193-45E9-9D6C-854DDE8C2AF9}.Release|Any CPU.Build.0 = Release|Any CPU
		{E4086DB6-61B3-4A07-AF78-DAC3FED008F5}.Debug|Any CPU.ActiveCfg = Debug|Any CPU
		{E4086DB6-61B3-4A07-AF78-DAC3FED008F5}.Debug|Any CPU.Build.0 = Debug|Any CPU
		{E4086DB6-61B3-4A07-AF78-DAC3FED008F5}.Release|Any CPU.ActiveCfg = Release|Any CPU
		{E4086DB6-61B3-4A07-AF78-DAC3FED008F5}.Release|Any CPU.Build.0 = Release|Any CPU
		{B085B8BB-BD81-4A91-BA18-D8BC2233B007}.Debug|Any CPU.ActiveCfg = Debug|Any CPU
		{B085B8BB-BD81-4A91-BA18-D8BC2233B007}.Debug|Any CPU.Build.0 = Debug|Any CPU
		{B085B8BB-BD81-4A91-BA18-D8BC2233B007}.Release|Any CPU.ActiveCfg = Release|Any CPU
		{B085B8BB-BD81-4A91-BA18-D8BC2233B007}.Release|Any CPU.Build.0 = Release|Any CPU
	EndGlobalSection
	GlobalSection(SolutionProperties) = preSolution
		HideSolutionNode = FALSE
	EndGlobalSection
	GlobalSection(ExtensibilityGlobals) = postSolution
		SolutionGuid = {1AE08ACF-4E49-4F45-88C6-7991BF491E3F}
	EndGlobalSection
EndGlobal
